
Microsoft Visual Studio Solution File, Format Version 12.00
# Visual Studio Version 16
VisualStudioVersion = 16.0.30330.147
MinimumVisualStudioVersion = 10.0.40219.1
Project("{FAE04EC0-301F-11D3-BF4B-00C04F79EFBC}") = "PrestamoCables.FIME", "PrestamoCables.FIME\PrestamoCables.FIME.csproj", "{4E00477E-C803-4B08-91E5-C6E16ED5118B}"
EndProject
Global
	GlobalSection(SolutionConfigurationPlatforms) = preSolution
		Debug|Any CPU = Debug|Any CPU
		Release|Any CPU = Release|Any CPU
	EndGlobalSection
	GlobalSection(ProjectConfigurationPlatforms) = postSolution
		{4E00477E-C803-4B08-91E5-C6E16ED5118B}.Debug|Any CPU.ActiveCfg = Debug|Any CPU
		{4E00477E-C803-4B08-91E5-C6E16ED5118B}.Debug|Any CPU.Build.0 = Debug|Any CPU
		{4E00477E-C803-4B08-91E5-C6E16ED5118B}.Release|Any CPU.ActiveCfg = Release|Any CPU
		{4E00477E-C803-4B08-91E5-C6E16ED5118B}.Release|Any CPU.Build.0 = Release|Any CPU
	EndGlobalSection
	GlobalSection(SolutionProperties) = preSolution
		HideSolutionNode = FALSE
	EndGlobalSection
	GlobalSection(ExtensibilityGlobals) = postSolution
		SolutionGuid = {968B2355-276A-4234-ACE0-7217F2B8198F}
	EndGlobalSection
EndGlobal
